
Microsoft Visual Studio Solution File, Format Version 12.00
# Visual Studio Version 17
VisualStudioVersion = 17.5.001.0
MinimumVisualStudioVersion = 10.0.40219.1
Project("{9A19103F-16F7-4668-BE54-9A1E7A4F7556}") = "CG_N3_Exemplo", "CG_N3_Exemplo.csproj", "{9A2428C5-ADB2-4DF4-99C4-5BC30F6CEF4A}"
EndProject
Project("{9A19103F-16F7-4668-BE54-9A1E7A4F7556}") = "CG_Biblioteca", "..\CG_Biblioteca\CG_Biblioteca.csproj", "{B1642638-B81B-4AAE-9F65-D828A7F757FB}"
EndProject
Global
	GlobalSection(SolutionConfigurationPlatforms) = preSolution
		Debug|Any CPU = Debug|Any CPU
		Release|Any CPU = Release|Any CPU
	EndGlobalSection
	GlobalSection(ProjectConfigurationPlatforms) = postSolution
		{9A2428C5-ADB2-4DF4-99C4-5BC30F6CEF4A}.Debug|Any CPU.ActiveCfg = Debug|Any CPU
		{9A2428C5-ADB2-4DF4-99C4-5BC30F6CEF4A}.Debug|Any CPU.Build.0 = Debug|Any CPU
		{9A2428C5-ADB2-4DF4-99C4-5BC30F6CEF4A}.Release|Any CPU.ActiveCfg = Release|Any CPU
		{9A2428C5-ADB2-4DF4-99C4-5BC30F6CEF4A}.Release|Any CPU.Build.0 = Release|Any CPU
		{B1642638-B81B-4AAE-9F65-D828A7F757FB}.Debug|Any CPU.ActiveCfg = Debug|Any CPU
		{B1642638-B81B-4AAE-9F65-D828A7F757FB}.Debug|Any CPU.Build.0 = Debug|Any CPU
		{B1642638-B81B-4AAE-9F65-D828A7F757FB}.Release|Any CPU.ActiveCfg = Release|Any CPU
		{B1642638-B81B-4AAE-9F65-D828A7F757FB}.Release|Any CPU.Build.0 = Release|Any CPU
	EndGlobalSection
	GlobalSection(SolutionProperties) = preSolution
		HideSolutionNode = FALSE
	EndGlobalSection
	GlobalSection(ExtensibilityGlobals) = postSolution
		SolutionGuid = {280BE95B-5EBF-4EF7-8F5C-B2E686E50360}
	EndGlobalSection
EndGlobal
